
Microsoft Visual Studio Solution File, Format Version 12.00
# Visual Studio Version 17
VisualStudioVersion = 17.1.32210.238
MinimumVisualStudioVersion = 10.0.40219.1
Project("{FAE04EC0-301F-11D3-BF4B-00C04F79EFBC}") = "Class12.09.2022", "Class12.09.2022\Class12.09.2022.csproj", "{FB6364CA-D856-4ADC-8545-5015B49F2832}"
EndProject
Project("{FAE04EC0-301F-11D3-BF4B-00C04F79EFBC}") = "Class_14092022", "Class_14092022\Class_14092022.csproj", "{2ACFC955-A147-4B94-A2D0-DAB9E521E2D0}"
EndProject
Project("{FAE04EC0-301F-11D3-BF4B-00C04F79EFBC}") = "Class16_09", "Class16_09\Class16_09.csproj", "{7A0CB1C7-57A8-4C59-BEC2-B4B0C539C063}"
EndProject
Global
	GlobalSection(SolutionConfigurationPlatforms) = preSolution
		Debug|Any CPU = Debug|Any CPU
		Release|Any CPU = Release|Any CPU
	EndGlobalSection
	GlobalSection(ProjectConfigurationPlatforms) = postSolution
		{FB6364CA-D856-4ADC-8545-5015B49F2832}.Debug|Any CPU.ActiveCfg = Debug|Any CPU
		{FB6364CA-D856-4ADC-8545-5015B49F2832}.Debug|Any CPU.Build.0 = Debug|Any CPU
		{FB6364CA-D856-4ADC-8545-5015B49F2832}.Release|Any CPU.ActiveCfg = Release|Any CPU
		{FB6364CA-D856-4ADC-8545-5015B49F2832}.Release|Any CPU.Build.0 = Release|Any CPU
		{2ACFC955-A147-4B94-A2D0-DAB9E521E2D0}.Debug|Any CPU.ActiveCfg = Debug|Any CPU
		{2ACFC955-A147-4B94-A2D0-DAB9E521E2D0}.Debug|Any CPU.Build.0 = Debug|Any CPU
		{2ACFC955-A147-4B94-A2D0-DAB9E521E2D0}.Release|Any CPU.ActiveCfg = Release|Any CPU
		{2ACFC955-A147-4B94-A2D0-DAB9E521E2D0}.Release|Any CPU.Build.0 = Release|Any CPU
		{7A0CB1C7-57A8-4C59-BEC2-B4B0C539C063}.Debug|Any CPU.ActiveCfg = Debug|Any CPU
		{7A0CB1C7-57A8-4C59-BEC2-B4B0C539C063}.Debug|Any CPU.Build.0 = Debug|Any CPU
		{7A0CB1C7-57A8-4C59-BEC2-B4B0C539C063}.Release|Any CPU.ActiveCfg = Release|Any CPU
		{7A0CB1C7-57A8-4C59-BEC2-B4B0C539C063}.Release|Any CPU.Build.0 = Release|Any CPU
	EndGlobalSection
	GlobalSection(SolutionProperties) = preSolution
		HideSolutionNode = FALSE
	EndGlobalSection
	GlobalSection(ExtensibilityGlobals) = postSolution
		SolutionGuid = {31916BC2-5B55-4024-AE2B-C0218FFF645D}
	EndGlobalSection
EndGlobal
